
Microsoft Visual Studio Solution File, Format Version 12.00
# Visual Studio 14
VisualStudioVersion = 14.0.24720.0
MinimumVisualStudioVersion = 10.0.40219.1
Project("{FAE04EC0-301F-11D3-BF4B-00C04F79EFBC}") = "when_changed", "when_changed\when_changed.csproj", "{06D3891A-4619-4887-BB27-472BA0A3E1F0}"
EndProject
Project("{FAE04EC0-301F-11D3-BF4B-00C04F79EFBC}") = "when_changed_tests", "when_changed_tests\when_changed_tests.csproj", "{F6F5EBD6-9EFC-498B-BF59-78CC6E8149A5}"
EndProject
Project("{2150E333-8FDC-42A3-9474-1A3956D46DE8}") = "Solution Items", "Solution Items", "{1274CDBE-9333-4DFF-8BEC-6106A6FB2CC9}"
	ProjectSection(SolutionItems) = preProject
		Local.testsettings = Local.testsettings
		README.tx = README.tx
		TraceAndTestImpact.testsettings = TraceAndTestImpact.testsettings
		when_changed.vsmdi = when_changed.vsmdi
	EndProjectSection
EndProject
Global
	GlobalSection(SolutionConfigurationPlatforms) = preSolution
		Debug|x86 = Debug|x86
		Release|x86 = Release|x86
	EndGlobalSection
	GlobalSection(ProjectConfigurationPlatforms) = postSolution
		{06D3891A-4619-4887-BB27-472BA0A3E1F0}.Debug|x86.ActiveCfg = Debug|x86
		{06D3891A-4619-4887-BB27-472BA0A3E1F0}.Debug|x86.Build.0 = Debug|x86
		{06D3891A-4619-4887-BB27-472BA0A3E1F0}.Release|x86.ActiveCfg = Release|x86
		{06D3891A-4619-4887-BB27-472BA0A3E1F0}.Release|x86.Build.0 = Release|x86
		{F6F5EBD6-9EFC-498B-BF59-78CC6E8149A5}.Debug|x86.ActiveCfg = Debug|Any CPU
		{F6F5EBD6-9EFC-498B-BF59-78CC6E8149A5}.Release|x86.ActiveCfg = Release|Any CPU
	EndGlobalSection
	GlobalSection(SolutionProperties) = preSolution
		HideSolutionNode = FALSE
	EndGlobalSection
	GlobalSection(TestCaseManagementSettings) = postSolution
		CategoryFile = when_changed.vsmdi
	EndGlobalSection
EndGlobal
